
Microsoft Visual Studio Solution File, Format Version 12.00
Project("{FAE04EC0-301F-11D3-BF4B-00C04F79EFBC}") = "Pacman", "Pacman\Pacman.csproj", "{EF28C075-4E0B-4471-B0C2-D90A76815585}"
EndProject
Project("{FAE04EC0-301F-11D3-BF4B-00C04F79EFBC}") = "PacmanTests", "PacmanTests\PacmanTests.csproj", "{D0114A94-36B9-4591-9BA1-36AB2B369962}"
EndProject
Global
	GlobalSection(SolutionConfigurationPlatforms) = preSolution
		Debug|Any CPU = Debug|Any CPU
		Release|Any CPU = Release|Any CPU
	EndGlobalSection
	GlobalSection(ProjectConfigurationPlatforms) = postSolution
		{EF28C075-4E0B-4471-B0C2-D90A76815585}.Debug|Any CPU.ActiveCfg = Debug|Any CPU
		{EF28C075-4E0B-4471-B0C2-D90A76815585}.Debug|Any CPU.Build.0 = Debug|Any CPU
		{EF28C075-4E0B-4471-B0C2-D90A76815585}.Release|Any CPU.ActiveCfg = Release|Any CPU
		{EF28C075-4E0B-4471-B0C2-D90A76815585}.Release|Any CPU.Build.0 = Release|Any CPU
		{D0114A94-36B9-4591-9BA1-36AB2B369962}.Debug|Any CPU.ActiveCfg = Debug|Any CPU
		{D0114A94-36B9-4591-9BA1-36AB2B369962}.Debug|Any CPU.Build.0 = Debug|Any CPU
		{D0114A94-36B9-4591-9BA1-36AB2B369962}.Release|Any CPU.ActiveCfg = Release|Any CPU
		{D0114A94-36B9-4591-9BA1-36AB2B369962}.Release|Any CPU.Build.0 = Release|Any CPU
	EndGlobalSection
EndGlobal
